
Microsoft Visual Studio Solution File, Format Version 12.00
Project("{FAE04EC0-301F-11D3-BF4B-00C04F79EFBC}") = "AlexPaint", "AlexPaint.csproj", "{C366AD5D-9345-45AF-AC73-5A5D6D1B5B22}"
EndProject
Project("{FAE04EC0-301F-11D3-BF4B-00C04F79EFBC}") = "BaseFigure", "BaseFigure\BaseFigure.csproj", "{D0DA3DF5-31D1-4ED0-A9EA-7E5623EA1C8C}"
EndProject
Global
	GlobalSection(SolutionConfigurationPlatforms) = preSolution
		Debug|Any CPU = Debug|Any CPU
		Release|Any CPU = Release|Any CPU
	EndGlobalSection
	GlobalSection(ProjectConfigurationPlatforms) = postSolution
		{C366AD5D-9345-45AF-AC73-5A5D6D1B5B22}.Debug|Any CPU.ActiveCfg = Debug|Any CPU
		{C366AD5D-9345-45AF-AC73-5A5D6D1B5B22}.Debug|Any CPU.Build.0 = Debug|Any CPU
		{C366AD5D-9345-45AF-AC73-5A5D6D1B5B22}.Release|Any CPU.ActiveCfg = Release|Any CPU
		{C366AD5D-9345-45AF-AC73-5A5D6D1B5B22}.Release|Any CPU.Build.0 = Release|Any CPU
		{D0DA3DF5-31D1-4ED0-A9EA-7E5623EA1C8C}.Debug|Any CPU.ActiveCfg = Debug|Any CPU
		{D0DA3DF5-31D1-4ED0-A9EA-7E5623EA1C8C}.Debug|Any CPU.Build.0 = Debug|Any CPU
		{D0DA3DF5-31D1-4ED0-A9EA-7E5623EA1C8C}.Release|Any CPU.ActiveCfg = Release|Any CPU
		{D0DA3DF5-31D1-4ED0-A9EA-7E5623EA1C8C}.Release|Any CPU.Build.0 = Release|Any CPU
	EndGlobalSection
	GlobalSection(NestedProjects) = preSolution
	EndGlobalSection
EndGlobal
