
Microsoft Visual Studio Solution File, Format Version 12.00
Project("{FAE04EC0-301F-11D3-BF4B-00C04F79EFBC}") = "AlexPaint", "AlexPaint.csproj", "{C366AD5D-9345-45AF-AC73-5A5D6D1B5B22}"
EndProject
Project("{2150E333-8FDC-42A3-9474-1A3956D46DE8}") = "Figures", "Figures", "{5B0C53AD-1694-4CDC-8081-FD8FC281FEC8}"
EndProject
Project("{FAE04EC0-301F-11D3-BF4B-00C04F79EFBC}") = "BaseFigure", "BaseFigure\BaseFigure.csproj", "{E59B147B-B020-4331-A59D-8CF6F6D51B3A}"
EndProject
Project("{FAE04EC0-301F-11D3-BF4B-00C04F79EFBC}") = "Line", "Line\Line.csproj", "{5DAA9BF5-C45E-440C-A5A4-E96D85526F60}"
EndProject
Project("{FAE04EC0-301F-11D3-BF4B-00C04F79EFBC}") = "Rectangle", "Rectangle\Rectangle.csproj", "{66C2BF04-A6D2-48F3-8D94-C578D660D29B}"
EndProject
Project("{FAE04EC0-301F-11D3-BF4B-00C04F79EFBC}") = "Ellipse", "Ellipse\Ellipse.csproj", "{6140FAB1-8DE7-4A47-8697-6FBCC6CE6B43}"
EndProject
Project("{FAE04EC0-301F-11D3-BF4B-00C04F79EFBC}") = "Polygon", "Polygon\Polygon.csproj", "{24BDC1B1-43F2-4CC1-AD44-04AB072A3872}"
EndProject
Project("{FAE04EC0-301F-11D3-BF4B-00C04F79EFBC}") = "Triangle", "Triangle\Triangle.csproj", "{1B126B22-500C-46D3-8E4C-421CCA21461D}"
EndProject
Project("{FAE04EC0-301F-11D3-BF4B-00C04F79EFBC}") = "Polyline", "Polyline\Polyline.csproj", "{12CD0901-2D2B-4E3E-A579-6AE3922A19E9}"
EndProject
Global
	GlobalSection(SolutionConfigurationPlatforms) = preSolution
		Debug|Any CPU = Debug|Any CPU
		Release|Any CPU = Release|Any CPU
	EndGlobalSection
	GlobalSection(ProjectConfigurationPlatforms) = postSolution
		{C366AD5D-9345-45AF-AC73-5A5D6D1B5B22}.Debug|Any CPU.ActiveCfg = Debug|Any CPU
		{C366AD5D-9345-45AF-AC73-5A5D6D1B5B22}.Debug|Any CPU.Build.0 = Debug|Any CPU
		{C366AD5D-9345-45AF-AC73-5A5D6D1B5B22}.Release|Any CPU.ActiveCfg = Release|Any CPU
		{C366AD5D-9345-45AF-AC73-5A5D6D1B5B22}.Release|Any CPU.Build.0 = Release|Any CPU
		{E59B147B-B020-4331-A59D-8CF6F6D51B3A}.Debug|Any CPU.ActiveCfg = Debug|Any CPU
		{E59B147B-B020-4331-A59D-8CF6F6D51B3A}.Debug|Any CPU.Build.0 = Debug|Any CPU
		{E59B147B-B020-4331-A59D-8CF6F6D51B3A}.Release|Any CPU.ActiveCfg = Release|Any CPU
		{E59B147B-B020-4331-A59D-8CF6F6D51B3A}.Release|Any CPU.Build.0 = Release|Any CPU
		{5DAA9BF5-C45E-440C-A5A4-E96D85526F60}.Debug|Any CPU.ActiveCfg = Debug|Any CPU
		{5DAA9BF5-C45E-440C-A5A4-E96D85526F60}.Debug|Any CPU.Build.0 = Debug|Any CPU
		{5DAA9BF5-C45E-440C-A5A4-E96D85526F60}.Release|Any CPU.ActiveCfg = Release|Any CPU
		{5DAA9BF5-C45E-440C-A5A4-E96D85526F60}.Release|Any CPU.Build.0 = Release|Any CPU
		{66C2BF04-A6D2-48F3-8D94-C578D660D29B}.Debug|Any CPU.ActiveCfg = Debug|Any CPU
		{66C2BF04-A6D2-48F3-8D94-C578D660D29B}.Debug|Any CPU.Build.0 = Debug|Any CPU
		{66C2BF04-A6D2-48F3-8D94-C578D660D29B}.Release|Any CPU.ActiveCfg = Release|Any CPU
		{66C2BF04-A6D2-48F3-8D94-C578D660D29B}.Release|Any CPU.Build.0 = Release|Any CPU
		{6140FAB1-8DE7-4A47-8697-6FBCC6CE6B43}.Debug|Any CPU.ActiveCfg = Debug|Any CPU
		{6140FAB1-8DE7-4A47-8697-6FBCC6CE6B43}.Debug|Any CPU.Build.0 = Debug|Any CPU
		{6140FAB1-8DE7-4A47-8697-6FBCC6CE6B43}.Release|Any CPU.ActiveCfg = Release|Any CPU
		{6140FAB1-8DE7-4A47-8697-6FBCC6CE6B43}.Release|Any CPU.Build.0 = Release|Any CPU
		{24BDC1B1-43F2-4CC1-AD44-04AB072A3872}.Debug|Any CPU.ActiveCfg = Debug|Any CPU
		{24BDC1B1-43F2-4CC1-AD44-04AB072A3872}.Debug|Any CPU.Build.0 = Debug|Any CPU
		{24BDC1B1-43F2-4CC1-AD44-04AB072A3872}.Release|Any CPU.ActiveCfg = Release|Any CPU
		{24BDC1B1-43F2-4CC1-AD44-04AB072A3872}.Release|Any CPU.Build.0 = Release|Any CPU
		{1B126B22-500C-46D3-8E4C-421CCA21461D}.Debug|Any CPU.ActiveCfg = Debug|Any CPU
		{1B126B22-500C-46D3-8E4C-421CCA21461D}.Debug|Any CPU.Build.0 = Debug|Any CPU
		{1B126B22-500C-46D3-8E4C-421CCA21461D}.Release|Any CPU.ActiveCfg = Release|Any CPU
		{1B126B22-500C-46D3-8E4C-421CCA21461D}.Release|Any CPU.Build.0 = Release|Any CPU
		{12CD0901-2D2B-4E3E-A579-6AE3922A19E9}.Debug|Any CPU.ActiveCfg = Debug|Any CPU
		{12CD0901-2D2B-4E3E-A579-6AE3922A19E9}.Debug|Any CPU.Build.0 = Debug|Any CPU
		{12CD0901-2D2B-4E3E-A579-6AE3922A19E9}.Release|Any CPU.ActiveCfg = Release|Any CPU
		{12CD0901-2D2B-4E3E-A579-6AE3922A19E9}.Release|Any CPU.Build.0 = Release|Any CPU
	EndGlobalSection
	GlobalSection(NestedProjects) = preSolution
		{E59B147B-B020-4331-A59D-8CF6F6D51B3A} = {5B0C53AD-1694-4CDC-8081-FD8FC281FEC8}
		{5DAA9BF5-C45E-440C-A5A4-E96D85526F60} = {5B0C53AD-1694-4CDC-8081-FD8FC281FEC8}
		{66C2BF04-A6D2-48F3-8D94-C578D660D29B} = {5B0C53AD-1694-4CDC-8081-FD8FC281FEC8}
		{6140FAB1-8DE7-4A47-8697-6FBCC6CE6B43} = {5B0C53AD-1694-4CDC-8081-FD8FC281FEC8}
		{24BDC1B1-43F2-4CC1-AD44-04AB072A3872} = {5B0C53AD-1694-4CDC-8081-FD8FC281FEC8}
		{1B126B22-500C-46D3-8E4C-421CCA21461D} = {5B0C53AD-1694-4CDC-8081-FD8FC281FEC8}
		{12CD0901-2D2B-4E3E-A579-6AE3922A19E9} = {5B0C53AD-1694-4CDC-8081-FD8FC281FEC8}
	EndGlobalSection
EndGlobal
